// !$*UTF8*$!
{
	archiveVersion = 1;
	classes = {
	};
	objectVersion = 46;
	objects = {

/* Begin PBXBuildFile section */
		23764EAE19B05B8F000831EC /* NSString+BlockHelper.m in Sources */ = {isa = PBXBuildFile; fileRef = 23764EAD19B05B8F000831EC /* NSString+BlockHelper.m */; };
		FB760A8519A8E9A1008E9AB7 /* Foundation.framework in Frameworks */ = {isa = PBXBuildFile; fileRef = FB760A8419A8E9A1008E9AB7 /* Foundation.framework */; };
		FB760A8719A8E9A1008E9AB7 /* CoreGraphics.framework in Frameworks */ = {isa = PBXBuildFile; fileRef = FB760A8619A8E9A1008E9AB7 /* CoreGraphics.framework */; };
		FB760A8919A8E9A1008E9AB7 /* UIKit.framework in Frameworks */ = {isa = PBXBuildFile; fileRef = FB760A8819A8E9A1008E9AB7 /* UIKit.framework */; };
		FB760A8F19A8E9A1008E9AB7 /* InfoPlist.strings in Resources */ = {isa = PBXBuildFile; fileRef = FB760A8D19A8E9A1008E9AB7 /* InfoPlist.strings */; };
		FB760A9119A8E9A1008E9AB7 /* main.m in Sources */ = {isa = PBXBuildFile; fileRef = FB760A9019A8E9A1008E9AB7 /* main.m */; };
		FB760A9519A8E9A1008E9AB7 /* AppDelegate.m in Sources */ = {isa = PBXBuildFile; fileRef = FB760A9419A8E9A1008E9AB7 /* AppDelegate.m */; };
		FB760A9819A8E9A1008E9AB7 /* Main.storyboard in Resources */ = {isa = PBXBuildFile; fileRef = FB760A9619A8E9A1008E9AB7 /* Main.storyboard */; };
		FB760A9B19A8E9A1008E9AB7 /* ViewController.m in Sources */ = {isa = PBXBuildFile; fileRef = FB760A9A19A8E9A1008E9AB7 /* ViewController.m */; };
		FB760A9D19A8E9A1008E9AB7 /* Images.xcassets in Resources */ = {isa = PBXBuildFile; fileRef = FB760A9C19A8E9A1008E9AB7 /* Images.xcassets */; };
		FB760AA419A8E9A1008E9AB7 /* XCTest.framework in Frameworks */ = {isa = PBXBuildFile; fileRef = FB760AA319A8E9A1008E9AB7 /* XCTest.framework */; };
		FB760AA519A8E9A1008E9AB7 /* Foundation.framework in Frameworks */ = {isa = PBXBuildFile; fileRef = FB760A8419A8E9A1008E9AB7 /* Foundation.framework */; };
		FB760AA619A8E9A1008E9AB7 /* UIKit.framework in Frameworks */ = {isa = PBXBuildFile; fileRef = FB760A8819A8E9A1008E9AB7 /* UIKit.framework */; };
		FB760AAE19A8E9A1008E9AB7 /* InfoPlist.strings in Resources */ = {isa = PBXBuildFile; fileRef = FB760AAC19A8E9A1008E9AB7 /* InfoPlist.strings */; };
		FB760AB019A8E9A1008E9AB7 /* DemoTests.m in Sources */ = {isa = PBXBuildFile; fileRef = FB760AAF19A8E9A1008E9AB7 /* DemoTests.m */; };
/* End PBXBuildFile section */

/* Begin PBXContainerItemProxy section */
		FB760AA719A8E9A1008E9AB7 /* PBXContainerItemProxy */ = {
			isa = PBXContainerItemProxy;
			containerPortal = FB760A7919A8E9A1008E9AB7 /* Project object */;
			proxyType = 1;
			remoteGlobalIDString = FB760A8019A8E9A1008E9AB7;
			remoteInfo = Demo;
		};
/* End PBXContainerItemProxy section */

/* Begin PBXFileReference section */
		23764EAC19B05B8F000831EC /* NSString+BlockHelper.h */ = {isa = PBXFileReference; fileEncoding = 4; lastKnownFileType = sourcecode.c.h; path = "NSString+BlockHelper.h"; sourceTree = "<group>"; };
		23764EAD19B05B8F000831EC /* NSString+BlockHelper.m */ = {isa = PBXFileReference; fileEncoding = 4; lastKnownFileType = sourcecode.c.objc; path = "NSString+BlockHelper.m"; sourceTree = "<group>"; };
		FB760A8119A8E9A1008E9AB7 /* Demo.app */ = {isa = PBXFileReference; explicitFileType = wrapper.application; includeInIndex = 0; path = Demo.app; sourceTree = BUILT_PRODUCTS_DIR; };
		FB760A8419A8E9A1008E9AB7 /* Foundation.framework */ = {isa = PBXFileReference; lastKnownFileType = wrapper.framework; name = Foundation.framework; path = System/Library/Frameworks/Foundation.framework; sourceTree = SDKROOT; };
		FB760A8619A8E9A1008E9AB7 /* CoreGraphics.framework */ = {isa = PBXFileReference; lastKnownFileType = wrapper.framework; name = CoreGraphics.framework; path = System/Library/Frameworks/CoreGraphics.framework; sourceTree = SDKROOT; };
		FB760A8819A8E9A1008E9AB7 /* UIKit.framework */ = {isa = PBXFileReference; lastKnownFileType = wrapper.framework; name = UIKit.framework; path = System/Library/Frameworks/UIKit.framework; sourceTree = SDKROOT; };
		FB760A8C19A8E9A1008E9AB7 /* Demo-Info.plist */ = {isa = PBXFileReference; lastKnownFileType = text.plist.xml; path = "Demo-Info.plist"; sourceTree = "<group>"; };
		FB760A8E19A8E9A1008E9AB7 /* en */ = {isa = PBXFileReference; lastKnownFileType = text.plist.strings; name = en; path = en.lproj/InfoPlist.strings; sourceTree = "<group>"; };
		FB760A9019A8E9A1008E9AB7 /* main.m */ = {isa = PBXFileReference; lastKnownFileType = sourcecode.c.objc; path = main.m; sourceTree = "<group>"; };
		FB760A9219A8E9A1008E9AB7 /* Demo-Prefix.pch */ = {isa = PBXFileReference; lastKnownFileType = sourcecode.c.h; path = "Demo-Prefix.pch"; sourceTree = "<group>"; };
		FB760A9319A8E9A1008E9AB7 /* AppDelegate.h */ = {isa = PBXFileReference; lastKnownFileType = sourcecode.c.h; path = AppDelegate.h; sourceTree = "<group>"; };
		FB760A9419A8E9A1008E9AB7 /* AppDelegate.m */ = {isa = PBXFileReference; lastKnownFileType = sourcecode.c.objc; path = AppDelegate.m; sourceTree = "<group>"; };
		FB760A9719A8E9A1008E9AB7 /* Base */ = {isa = PBXFileReference; lastKnownFileType = file.storyboard; name = Base; path = Base.lproj/Main.storyboard; sourceTree = "<group>"; };
		FB760A9919A8E9A1008E9AB7 /* ViewController.h */ = {isa = PBXFileReference; lastKnownFileType = sourcecode.c.h; path = ViewController.h; sourceTree = "<group>"; };
		FB760A9A19A8E9A1008E9AB7 /* ViewController.m */ = {isa = PBXFileReference; lastKnownFileType = sourcecode.c.objc; path = ViewController.m; sourceTree = "<group>"; };
		FB760A9C19A8E9A1008E9AB7 /* Images.xcassets */ = {isa = PBXFileReference; lastKnownFileType = folder.assetcatalog; path = Images.xcassets; sourceTree = "<group>"; };
		FB760AA219A8E9A1008E9AB7 /* DemoTests.xctest */ = {isa = PBXFileReference; explicitFileType = wrapper.cfbundle; includeInIndex = 0; path = DemoTests.xctest; sourceTree = BUILT_PRODUCTS_DIR; };
		FB760AA319A8E9A1008E9AB7 /* XCTest.framework */ = {isa = PBXFileReference; lastKnownFileType = wrapper.framework; name = XCTest.framework; path = Library/Frameworks/XCTest.framework; sourceTree = DEVELOPER_DIR; };
		FB760AAB19A8E9A1008E9AB7 /* DemoTests-Info.plist */ = {isa = PBXFileReference; lastKnownFileType = text.plist.xml; path = "DemoTests-Info.plist"; sourceTree = "<group>"; };
		FB760AAD19A8E9A1008E9AB7 /* en */ = {isa = PBXFileReference; lastKnownFileType = text.plist.strings; name = en; path = en.lproj/InfoPlist.strings; sourceTree = "<group>"; };
		FB760AAF19A8E9A1008E9AB7 /* DemoTests.m */ = {isa = PBXFileReference; lastKnownFileType = sourcecode.c.objc; path = DemoTests.m; sourceTree = "<group>"; };
/* End PBXFileReference section */

/* Begin PBXFrameworksBuildPhase section */
		FB760A7E19A8E9A1008E9AB7 /* Frameworks */ = {
			isa = PBXFrameworksBuildPhase;
			buildActionMask = 2147483647;
			files = (
				FB760A8719A8E9A1008E9AB7 /* CoreGraphics.framework in Frameworks */,
				FB760A8919A8E9A1008E9AB7 /* UIKit.framework in Frameworks */,
				FB760A8519A8E9A1008E9AB7 /* Foundation.framework in Frameworks */,
			);
			runOnlyForDeploymentPostprocessing = 0;
		};
		FB760A9F19A8E9A1008E9AB7 /* Frameworks */ = {
			isa = PBXFrameworksBuildPhase;
			buildActionMask = 2147483647;
			files = (
				FB760AA419A8E9A1008E9AB7 /* XCTest.framework in Frameworks */,
				FB760AA619A8E9A1008E9AB7 /* UIKit.framework in Frameworks */,
				FB760AA519A8E9A1008E9AB7 /* Foundation.framework in Frameworks */,
			);
			runOnlyForDeploymentPostprocessing = 0;
		};
/* End PBXFrameworksBuildPhase section */

/* Begin PBXGroup section */
		23764EAB19B05B8F000831EC /* NSString+BlockHelper */ = {
			isa = PBXGroup;
			children = (
				23764EAC19B05B8F000831EC /* NSString+BlockHelper.h */,
				23764EAD19B05B8F000831EC /* NSString+BlockHelper.m */,
			);
			name = "NSString+BlockHelper";
			path = "../NSString+BlockHelper";
			sourceTree = "<group>";
		};
		FB760A7819A8E9A1008E9AB7 = {
			isa = PBXGroup;
			children = (
				23764EAB19B05B8F000831EC /* NSString+BlockHelper */,
				FB760A8A19A8E9A1008E9AB7 /* Demo */,
				FB760AA919A8E9A1008E9AB7 /* DemoTests */,
				FB760A8319A8E9A1008E9AB7 /* Frameworks */,
				FB760A8219A8E9A1008E9AB7 /* Products */,
			);
			sourceTree = "<group>";
		};
		FB760A8219A8E9A1008E9AB7 /* Products */ = {
			isa = PBXGroup;
			children = (
				FB760A8119A8E9A1008E9AB7 /* Demo.app */,
				FB760AA219A8E9A1008E9AB7 /* DemoTests.xctest */,
			);
			name = Products;
			sourceTree = "<group>";
		};
		FB760A8319A8E9A1008E9AB7 /* Frameworks */ = {
			isa = PBXGroup;
			children = (
				FB760A8419A8E9A1008E9AB7 /* Foundation.framework */,
				FB760A8619A8E9A1008E9AB7 /* CoreGraphics.framework */,
				FB760A8819A8E9A1008E9AB7 /* UIKit.framework */,
				FB760AA319A8E9A1008E9AB7 /* XCTest.framework */,
			);
			name = Frameworks;
			sourceTree = "<group>";
		};
		FB760A8A19A8E9A1008E9AB7 /* Demo */ = {
			isa = PBXGroup;
			children = (
				FB760A9319A8E9A1008E9AB7 /* AppDelegate.h */,
				FB760A9419A8E9A1008E9AB7 /* AppDelegate.m */,
				FB760A9619A8E9A1008E9AB7 /* Main.storyboard */,
				FB760A9919A8E9A1008E9AB7 /* ViewController.h */,
				FB760A9A19A8E9A1008E9AB7 /* ViewController.m */,
				FB760A9C19A8E9A1008E9AB7 /* Images.xcassets */,
				FB760A8B19A8E9A1008E9AB7 /* Supporting Files */,
			);
			path = Demo;
			sourceTree = "<group>";
		};
		FB760A8B19A8E9A1008E9AB7 /* Supporting Files */ = {
			isa = PBXGroup;
			children = (
				FB760A8C19A8E9A1008E9AB7 /* Demo-Info.plist */,
				FB760A8D19A8E9A1008E9AB7 /* InfoPlist.strings */,
				FB760A9019A8E9A1008E9AB7 /* main.m */,
				FB760A9219A8E9A1008E9AB7 /* Demo-Prefix.pch */,
			);
			name = "Supporting Files";
			sourceTree = "<group>";
		};
		FB760AA919A8E9A1008E9AB7 /* DemoTests */ = {
			isa = PBXGroup;
			children = (
				FB760AAF19A8E9A1008E9AB7 /* DemoTests.m */,
				FB760AAA19A8E9A1008E9AB7 /* Supporting Files */,
			);
			path = DemoTests;
			sourceTree = "<group>";
		};
		FB760AAA19A8E9A1008E9AB7 /* Supporting Files */ = {
			isa = PBXGroup;
			children = (
				FB760AAB19A8E9A1008E9AB7 /* DemoTests-Info.plist */,
				FB760AAC19A8E9A1008E9AB7 /* InfoPlist.strings */,
			);
			name = "Supporting Files";
			sourceTree = "<group>";
		};
/* End PBXGroup section */

/* Begin PBXNativeTarget section */
		FB760A8019A8E9A1008E9AB7 /* Demo */ = {
			isa = PBXNativeTarget;
			buildConfigurationList = FB760AB319A8E9A1008E9AB7 /* Build configuration list for PBXNativeTarget "Demo" */;
			buildPhases = (
				FB760A7D19A8E9A1008E9AB7 /* Sources */,
				FB760A7E19A8E9A1008E9AB7 /* Frameworks */,
				FB760A7F19A8E9A1008E9AB7 /* Resources */,
			);
			buildRules = (
			);
			dependencies = (
			);
			name = Demo;
			productName = Demo;
			productReference = FB760A8119A8E9A1008E9AB7 /* Demo.app */;
			productType = "com.apple.product-type.application";
		};
		FB760AA119A8E9A1008E9AB7 /* DemoTests */ = {
			isa = PBXNativeTarget;
			buildConfigurationList = FB760AB619A8E9A1008E9AB7 /* Build configuration list for PBXNativeTarget "DemoTests" */;
			buildPhases = (
				FB760A9E19A8E9A1008E9AB7 /* Sources */,
				FB760A9F19A8E9A1008E9AB7 /* Frameworks */,
				FB760AA019A8E9A1008E9AB7 /* Resources */,
			);
			buildRules = (
			);
			dependencies = (
				FB760AA819A8E9A1008E9AB7 /* PBXTargetDependency */,
			);
			name = DemoTests;
			productName = DemoTests;
			productReference = FB760AA219A8E9A1008E9AB7 /* DemoTests.xctest */;
			productType = "com.apple.product-type.bundle.unit-test";
		};
/* End PBXNativeTarget section */

/* Begin PBXProject section */
		FB760A7919A8E9A1008E9AB7 /* Project object */ = {
			isa = PBXProject;
			attributes = {
				LastUpgradeCheck = 0510;
				ORGANIZATIONNAME = zx;
				TargetAttributes = {
					FB760AA119A8E9A1008E9AB7 = {
						TestTargetID = FB760A8019A8E9A1008E9AB7;
					};
				};
			};
			buildConfigurationList = FB760A7C19A8E9A1008E9AB7 /* Build configuration list for PBXProject "Demo" */;
			compatibilityVersion = "Xcode 3.2";
			developmentRegion = English;
			hasScannedForEncodings = 0;
			knownRegions = (
				en,
				Base,
			);
			mainGroup = FB760A7819A8E9A1008E9AB7;
			productRefGroup = FB760A8219A8E9A1008E9AB7 /* Products */;
			projectDirPath = "";
			projectRoot = "";
			targets = (
				FB760A8019A8E9A1008E9AB7 /* Demo */,
				FB760AA119A8E9A1008E9AB7 /* DemoTests */,
			);
		};
/* End PBXProject section */

/* Begin PBXResourcesBuildPhase section */
		FB760A7F19A8E9A1008E9AB7 /* Resources */ = {
			isa = PBXResourcesBuildPhase;
			buildActionMask = 2147483647;
			files = (
				FB760A9D19A8E9A1008E9AB7 /* Images.xcassets in Resources */,
				FB760A8F19A8E9A1008E9AB7 /* InfoPlist.strings in Resources */,
				FB760A9819A8E9A1008E9AB7 /* Main.storyboard in Resources */,
			);
			runOnlyForDeploymentPostprocessing = 0;
		};
		FB760AA019A8E9A1008E9AB7 /* Resources */ = {
			isa = PBXResourcesBuildPhase;
			buildActionMask = 2147483647;
			files = (
				FB760AAE19A8E9A1008E9AB7 /* InfoPlist.strings in Resources */,
			);
			runOnlyForDeploymentPostprocessing = 0;
		};
/* End PBXResourcesBuildPhase section */

/* Begin PBXSourcesBuildPhase section */
		FB760A7D19A8E9A1008E9AB7 /* Sources */ = {
			isa = PBXSourcesBuildPhase;
			buildActionMask = 2147483647;
			files = (
				FB760A9B19A8E9A1008E9AB7 /* ViewController.m in Sources */,
				FB760A9519A8E9A1008E9AB7 /* AppDelegate.m in Sources */,
				FB760A9119A8E9A1008E9AB7 /* main.m in Sources */,
				23764EAE19B05B8F000831EC /* NSString+BlockHelper.m in Sources */,
			);
			runOnlyForDeploymentPostprocessing = 0;
		};
		FB760A9E19A8E9A1008E9AB7 /* Sources */ = {
			isa = PBXSourcesBuildPhase;
			buildActionMask = 2147483647;
			files = (
				FB760AB019A8E9A1008E9AB7 /* DemoTests.m in Sources */,
			);
			runOnlyForDeploymentPostprocessing = 0;
		};
/* End PBXSourcesBuildPhase section */

/* Begin PBXTargetDependency section */
		FB760AA819A8E9A1008E9AB7 /* PBXTargetDependency */ = {
			isa = PBXTargetDependency;
			target = FB760A8019A8E9A1008E9AB7 /* Demo */;
			targetProxy = FB760AA719A8E9A1008E9AB7 /* PBXContainerItemProxy */;
		};
/* End PBXTargetDependency section */

/* Begin PBXVariantGroup section */
		FB760A8D19A8E9A1008E9AB7 /* InfoPlist.strings */ = {
			isa = PBXVariantGroup;
			children = (
				FB760A8E19A8E9A1008E9AB7 /* en */,
			);
			name = InfoPlist.strings;
			sourceTree = "<group>";
		};
		FB760A9619A8E9A1008E9AB7 /* Main.storyboard */ = {
			isa = PBXVariantGroup;
			children = (
				FB760A9719A8E9A1008E9AB7 /* Base */,
			);
			name = Main.storyboard;
			sourceTree = "<group>";
		};
		FB760AAC19A8E9A1008E9AB7 /* InfoPlist.strings */ = {
			isa = PBXVariantGroup;
			children = (
				FB760AAD19A8E9A1008E9AB7 /* en */,
			);
			name = InfoPlist.strings;
			sourceTree = "<group>";
		};
/* End PBXVariantGroup section */

/* Begin XCBuildConfiguration section */
		FB760AB119A8E9A1008E9AB7 /* Debug */ = {
			isa = XCBuildConfiguration;
			buildSettings = {
				ALWAYS_SEARCH_USER_PATHS = NO;
				CLANG_CXX_LANGUAGE_STANDARD = "gnu++0x";
				CLANG_CXX_LIBRARY = "libc++";
				CLANG_ENABLE_MODULES = YES;
				CLANG_ENABLE_OBJC_ARC = YES;
				CLANG_WARN_BOOL_CONVERSION = YES;
				CLANG_WARN_CONSTANT_CONVERSION = YES;
				CLANG_WARN_DIRECT_OBJC_ISA_USAGE = YES_ERROR;
				CLANG_WARN_EMPTY_BODY = YES;
				CLANG_WARN_ENUM_CONVERSION = YES;
				CLANG_WARN_INT_CONVERSION = YES;
				CLANG_WARN_OBJC_ROOT_CLASS = YES_ERROR;
				CLANG_WARN__DUPLICATE_METHOD_MATCH = YES;
				"CODE_SIGN_IDENTITY[sdk=iphoneos*]" = "iPhone Developer";
				COPY_PHASE_STRIP = NO;
				GCC_C_LANGUAGE_STANDARD = gnu99;
				GCC_DYNAMIC_NO_PIC = NO;
				GCC_OPTIMIZATION_LEVEL = 0;
				GCC_PREPROCESSOR_DEFINITIONS = (
					"DEBUG=1",
					"$(inherited)",
				);
				GCC_SYMBOLS_PRIVATE_EXTERN = NO;
				GCC_WARN_64_TO_32_BIT_CONVERSION = YES;
				GCC_WARN_ABOUT_RETURN_TYPE = YES_ERROR;
				GCC_WARN_UNDECLARED_SELECTOR = YES;
				GCC_WARN_UNINITIALIZED_AUTOS = YES_AGGRESSIVE;
				GCC_WARN_UNUSED_FUNCTION = YES;
				GCC_WARN_UNUSED_VARIABLE = YES;
				IPHONEOS_DEPLOYMENT_TARGET = 7.1;
				ONLY_ACTIVE_ARCH = YES;
				SDKROOT = iphoneos;
			};
			name = Debug;
		};
		FB760AB219A8E9A1008E9AB7 /* Release */ = {
			isa = XCBuildConfiguration;
			buildSettings = {
				ALWAYS_SEARCH_USER_PATHS = NO;
				CLANG_CXX_LANGUAGE_STANDARD = "gnu++0x";
				CLANG_CXX_LIBRARY = "libc++";
				CLANG_ENABLE_MODULES = YES;
				CLANG_ENABLE_OBJC_ARC = YES;
				CLANG_WARN_BOOL_CONVERSION = YES;
				CLANG_WARN_CONSTANT_CONVERSION = YES;
				CLANG_WARN_DIRECT_OBJC_ISA_USAGE = YES_ERROR;
				CLANG_WARN_EMPTY_BODY = YES;
				CLANG_WARN_ENUM_CONVERSION = YES;
				CLANG_WARN_INT_CONVERSION = YES;
				CLANG_WARN_OBJC_ROOT_CLASS = YES_ERROR;
				CLANG_WARN__DUPLICATE_METHOD_MATCH = YES;
				"CODE_SIGN_IDENTITY[sdk=iphoneos*]" = "iPhone Developer";
				COPY_PHASE_STRIP = YES;
				ENABLE_NS_ASSERTIONS = NO;
				GCC_C_LANGUAGE_STANDARD = gnu99;
				GCC_WARN_64_TO_32_BIT_CONVERSION = YES;
				GCC_WARN_ABOUT_RETURN_TYPE = YES_ERROR;
				GCC_WARN_UNDECLARED_SELECTOR = YES;
				GCC_WARN_UNINITIALIZED_AUTOS = YES_AGGRESSIVE;
				GCC_WARN_UNUSED_FUNCTION = YES;
				GCC_WARN_UNUSED_VARIABLE = YES;
				IPHONEOS_DEPLOYMENT_TARGET = 7.1;
				SDKROOT = iphoneos;
				VALIDATE_PRODUCT = YES;
			};
			name = Release;
		};
		FB760AB419A8E9A1008E9AB7 /* Debug */ = {
			isa = XCBuildConfiguration;
			buildSettings = {
				ASSETCATALOG_COMPILER_APPICON_NAME = AppIcon;
				ASSETCATALOG_COMPILER_LAUNCHIMAGE_NAME = LaunchImage;
				GCC_PRECOMPILE_PREFIX_HEADER = YES;
				GCC_PREFIX_HEADER = "Demo/Demo-Prefix.pch";
				INFOPLIST_FILE = "Demo/Demo-Info.plist";
				PRODUCT_NAME = "$(TARGET_NAME)";
				WRAPPER_EXTENSION = app;
			};
			name = Debug;
		};
		FB760AB519A8E9A1008E9AB7 /* Release */ = {
			isa = XCBuildConfiguration;
			buildSettings = {
				ASSETCATALOG_COMPILER_APPICON_NAME = AppIcon;
				ASSETCATALOG_COMPILER_LAUNCHIMAGE_NAME = LaunchImage;
				GCC_PRECOMPILE_PREFIX_HEADER = YES;
				GCC_PREFIX_HEADER = "Demo/Demo-Prefix.pch";
				INFOPLIST_FILE = "Demo/Demo-Info.plist";
				PRODUCT_NAME = "$(TARGET_NAME)";
				WRAPPER_EXTENSION = app;
			};
			name = Release;
		};
		FB760AB719A8E9A1008E9AB7 /* Debug */ = {
			isa = XCBuildConfiguration;
			buildSettings = {
				BUNDLE_LOADER = "$(BUILT_PRODUCTS_DIR)/Demo.app/Demo";
				FRAMEWORK_SEARCH_PATHS = (
					"$(SDKROOT)/Developer/Library/Frameworks",
					"$(inherited)",
					"$(DEVELOPER_FRAMEWORKS_DIR)",
				);
				GCC_PRECOMPILE_PREFIX_HEADER = YES;
				GCC_PREFIX_HEADER = "Demo/Demo-Prefix.pch";
				GCC_PREPROCESSOR_DEFINITIONS = (
					"DEBUG=1",
					"$(inherited)",
				);
				INFOPLIST_FILE = "DemoTests/DemoTests-Info.plist";
				PRODUCT_NAME = "$(TARGET_NAME)";
				TEST_HOST = "$(BUNDLE_LOADER)";
				WRAPPER_EXTENSION = xctest;
			};
			name = Debug;
		};
		FB760AB819A8E9A1008E9AB7 /* Release */ = {
			isa = XCBuildConfiguration;
			buildSettings = {
				BUNDLE_LOADER = "$(BUILT_PRODUCTS_DIR)/Demo.app/Demo";
				FRAMEWORK_SEARCH_PATHS = (
					"$(SDKROOT)/Developer/Library/Frameworks",
					"$(inherited)",
					"$(DEVELOPER_FRAMEWORKS_DIR)",
				);
				GCC_PRECOMPILE_PREFIX_HEADER = YES;
				GCC_PREFIX_HEADER = "Demo/Demo-Prefix.pch";
				INFOPLIST_FILE = "DemoTests/DemoTests-Info.plist";
				PRODUCT_NAME = "$(TARGET_NAME)";
				TEST_HOST = "$(BUNDLE_LOADER)";
				WRAPPER_EXTENSION = xctest;
			};
			name = Release;
		};
/* End XCBuildConfiguration section */

/* Begin XCConfigurationList section */
		FB760A7C19A8E9A1008E9AB7 /* Build configuration list for PBXProject "Demo" */ = {
			isa = XCConfigurationList;
			buildConfigurations = (
				FB760AB119A8E9A1008E9AB7 /* Debug */,
				FB760AB219A8E9A1008E9AB7 /* Release */,
			);
			defaultConfigurationIsVisible = 0;
			defaultConfigurationName = Release;
		};
		FB760AB319A8E9A1008E9AB7 /* Build configuration list for PBXNativeTarget "Demo" */ = {
			isa = XCConfigurationList;
			buildConfigurations = (
				FB760AB419A8E9A1008E9AB7 /* Debug */,
				FB760AB519A8E9A1008E9AB7 /* Release */,
			);
			defaultConfigurationIsVisible = 0;
			defaultConfigurationName = Release;
		};
		FB760AB619A8E9A1008E9AB7 /* Build configuration list for PBXNativeTarget "DemoTests" */ = {
			isa = XCConfigurationList;
			buildConfigurations = (
				FB760AB719A8E9A1008E9AB7 /* Debug */,
				FB760AB819A8E9A1008E9AB7 /* Release */,
			);
			defaultConfigurationIsVisible = 0;
			defaultConfigurationName = Release;
		};
/* End XCConfigurationList section */
	};
	rootObject = FB760A7919A8E9A1008E9AB7 /* Project object */;
}
